
Microsoft Visual Studio Solution File, Format Version 12.00
# Visual Studio 15
VisualStudioVersion = 15.0.28307.168
MinimumVisualStudioVersion = 10.0.40219.1
Project("{FAE04EC0-301F-11D3-BF4B-00C04F79EFBC}") = "SimplePG", "SimplePG\SimplePG.csproj", "{0823DE36-A3E2-4E52-9044-0454578808A8}"
EndProject
Global
	GlobalSection(SolutionConfigurationPlatforms) = preSolution
		Debug|Any CPU = Debug|Any CPU
		Release|Any CPU = Release|Any CPU
	EndGlobalSection
	GlobalSection(ProjectConfigurationPlatforms) = postSolution
		{0823DE36-A3E2-4E52-9044-0454578808A8}.Debug|Any CPU.ActiveCfg = Debug|Any CPU
		{0823DE36-A3E2-4E52-9044-0454578808A8}.Debug|Any CPU.Build.0 = Debug|Any CPU
		{0823DE36-A3E2-4E52-9044-0454578808A8}.Release|Any CPU.ActiveCfg = Release|Any CPU
		{0823DE36-A3E2-4E52-9044-0454578808A8}.Release|Any CPU.Build.0 = Release|Any CPU
	EndGlobalSection
	GlobalSection(SolutionProperties) = preSolution
		HideSolutionNode = FALSE
	EndGlobalSection
	GlobalSection(ExtensibilityGlobals) = postSolution
		SolutionGuid = {38A6E3B8-E18D-488C-9841-B14D5DF62AA6}
	EndGlobalSection
EndGlobal
